
Microsoft Visual Studio Solution File, Format Version 12.00
# Visual Studio Version 16
VisualStudioVersion = 16.0.31105.61
MinimumVisualStudioVersion = 10.0.40219.1
Project("{FAE04EC0-301F-11D3-BF4B-00C04F79EFBC}") = "MusicShop", "MusicShop\MusicShop.csproj", "{9AEE9360-8D0D-4571-B60E-5D89C3CE4C06}"
EndProject
Project("{FAE04EC0-301F-11D3-BF4B-00C04F79EFBC}") = "ModelsLibrary", "ModelsLibrary\ModelsLibrary.csproj", "{37C84E76-E731-4799-8B10-DAE6DFBA2474}"
EndProject
Global
	GlobalSection(SolutionConfigurationPlatforms) = preSolution
		Debug|Any CPU = Debug|Any CPU
		Release|Any CPU = Release|Any CPU
	EndGlobalSection
	GlobalSection(ProjectConfigurationPlatforms) = postSolution
		{9AEE9360-8D0D-4571-B60E-5D89C3CE4C06}.Debug|Any CPU.ActiveCfg = Debug|Any CPU
		{9AEE9360-8D0D-4571-B60E-5D89C3CE4C06}.Debug|Any CPU.Build.0 = Debug|Any CPU
		{9AEE9360-8D0D-4571-B60E-5D89C3CE4C06}.Release|Any CPU.ActiveCfg = Release|Any CPU
		{9AEE9360-8D0D-4571-B60E-5D89C3CE4C06}.Release|Any CPU.Build.0 = Release|Any CPU
		{37C84E76-E731-4799-8B10-DAE6DFBA2474}.Debug|Any CPU.ActiveCfg = Debug|Any CPU
		{37C84E76-E731-4799-8B10-DAE6DFBA2474}.Debug|Any CPU.Build.0 = Debug|Any CPU
		{37C84E76-E731-4799-8B10-DAE6DFBA2474}.Release|Any CPU.ActiveCfg = Release|Any CPU
		{37C84E76-E731-4799-8B10-DAE6DFBA2474}.Release|Any CPU.Build.0 = Release|Any CPU
	EndGlobalSection
	GlobalSection(SolutionProperties) = preSolution
		HideSolutionNode = FALSE
	EndGlobalSection
	GlobalSection(ExtensibilityGlobals) = postSolution
		SolutionGuid = {3D7DFA1B-988B-469C-8AF6-5EDCCDF4D259}
	EndGlobalSection
EndGlobal
